# THIS IS AN AUTOGENERATED FILE. DO NOT EDIT THIS FILE DIRECTLY.
# yarn lockfile v1


"@layerzerolabs/lz-evm-messagelib-v2@^3.0.42":
  version "3.0.42"
  resolved "https://registry.yarnpkg.com/@layerzerolabs/lz-evm-messagelib-v2/-/lz-evm-messagelib-v2-3.0.42.tgz#de24e4a45c0fe601eecc8fce4a52c8dbfae3db40"
  integrity sha512-qFZcXF0b6HklmDHRCLms9ZXCqXRWNumtqo94qEhe6p2vt86QAMjv0IJrjeWvlqPlUNwWY08ygiNLUl0ZM5r8DQ==

"@layerzerolabs/lz-evm-oapp-v2@^3.0.42":
  version "3.0.42"
  resolved "https://registry.yarnpkg.com/@layerzerolabs/lz-evm-oapp-v2/-/lz-evm-oapp-v2-3.0.42.tgz#12f847a5fabb2d225b04e8a3c78db45f14de1da4"
  integrity sha512-Eppd7AsUM9EHXF34+EGIfgjENZVk53VaTKvKGc0aVDDi8BqMmkTdSTBHdikHlWgaaNxSWMpkr0qyfyHhNTnw/A==

"@layerzerolabs/lz-evm-protocol-v2@^3.0.42":
  version "3.0.42"
  resolved "https://registry.yarnpkg.com/@layerzerolabs/lz-evm-protocol-v2/-/lz-evm-protocol-v2-3.0.42.tgz#a324cb1e939fe20a656a2e83c22905a7a5a1e2fd"
  integrity sha512-Rn4btpe46tSezJbZs9z+6fTQREYYuxWsFAxqSn5Jm7i/jH1REiHSOydkmv9JQRDRj9WNgvpsK9DPeTpdX6OELw==

"ds-test@github:dapphub/ds-test":
  version "1.0.0"
  resolved "https://codeload.github.com/dapphub/ds-test/tar.gz/e282159d5170298eb2455a6c05280ab5a73a4ef0"

forge-std@^1.1.2:
  version "1.1.2"
  resolved "https://registry.yarnpkg.com/forge-std/-/forge-std-1.1.2.tgz#f4a0eda103538d56f9c563f3cd1fa2fd01bd9378"
  integrity sha512-Wfb0iAS9PcfjMKtGpWQw9mXzJxrWD62kJCUqqLcyuI0+VRtJ3j20XembjF3kS20qELYdXft1vD/SPFVWVKMFOw==

solidity-bytes-utils@^0.8.2:
  version "0.8.2"
  resolved "https://registry.yarnpkg.com/solidity-bytes-utils/-/solidity-bytes-utils-0.8.2.tgz#763d6a02fd093e93b3a97b742e97d540e66c29bd"
  integrity sha512-cqXPYAV2auhpdKSTPuqji0CwpSceZDu95CzqSM/9tDJ2MoMaMsdHTpOIWtVw31BIqqGPNmIChCswzbw0tHaMTw==
  dependencies:
    ds-test "github:dapphub/ds-test"
    forge-std "^1.1.2"
